# THIS IS AN AUTOGENERATED FILE. DO NOT EDIT THIS FILE DIRECTLY.
# yarn lockfile v1


"@esbuild/linux-x64@0.23.1":
  version "0.23.1"
  resolved "https://registry.npmjs.org/@esbuild/linux-x64/-/linux-x64-0.23.1.tgz"
  integrity sha512-EV6+ovTsEXCPAp58g2dD68LxoP/wK5pRvgy0J/HxPGB009omFPv3Yet0HiaqvrIrgPTBuC6wCH1LTOY91EO5hQ==

"@prisma/debug@6.0.1":
  version "6.0.1"
  resolved "https://registry.npmjs.org/@prisma/debug/-/debug-6.0.1.tgz"
  integrity sha512-jQylgSOf7ibTVxqBacnAlVGvek6fQxJIYCQOeX2KexsfypNzXjJQSS2o5s+Mjj2Np93iSOQUaw6TvPj8syhG4w==

"@prisma/engines-version@5.23.0-27.5dbef10bdbfb579e07d35cc85fb1518d357cb99e":
  version "5.23.0-27.5dbef10bdbfb579e07d35cc85fb1518d357cb99e"
  resolved "https://registry.npmjs.org/@prisma/engines-version/-/engines-version-5.23.0-27.5dbef10bdbfb579e07d35cc85fb1518d357cb99e.tgz"
  integrity sha512-JmIds0Q2/vsOmnuTJYxY4LE+sajqjYKhLtdOT6y4imojqv5d/aeVEfbBGC74t8Be1uSp0OP8lxIj2OqoKbLsfQ==

"@prisma/engines@6.0.1":
  version "6.0.1"
  resolved "https://registry.npmjs.org/@prisma/engines/-/engines-6.0.1.tgz"
  integrity sha512-4hxzI+YQIR2uuDyVsDooFZGu5AtixbvM2psp+iayDZ4hRrAHo/YwgA17N23UWq7G6gRu18NvuNMb48qjP3DPQw==
  dependencies:
    "@prisma/debug" "6.0.1"
    "@prisma/engines-version" "5.23.0-27.5dbef10bdbfb579e07d35cc85fb1518d357cb99e"
    "@prisma/fetch-engine" "6.0.1"
    "@prisma/get-platform" "6.0.1"

"@prisma/fetch-engine@6.0.1":
  version "6.0.1"
  resolved "https://registry.npmjs.org/@prisma/fetch-engine/-/fetch-engine-6.0.1.tgz"
  integrity sha512-T36bWFVGeGYYSyYOj9d+O9G3sBC+pAyMC+jc45iSL63/Haq1GrYjQPgPMxrEj9m739taXrupoysRedQ+VyvM/Q==
  dependencies:
    "@prisma/debug" "6.0.1"
    "@prisma/engines-version" "5.23.0-27.5dbef10bdbfb579e07d35cc85fb1518d357cb99e"
    "@prisma/get-platform" "6.0.1"

"@prisma/get-platform@6.0.1":
  version "6.0.1"
  resolved "https://registry.npmjs.org/@prisma/get-platform/-/get-platform-6.0.1.tgz"
  integrity sha512-zspC9vlxAqx4E6epMPMLLBMED2VD8axDe8sPnquZ8GOsn6tiacWK0oxrGK4UAHYzYUVuMVUApJbdXB2dFpLhvg==
  dependencies:
    "@prisma/debug" "6.0.1"

"@types/node@^22.10.1":
  version "22.10.1"
  resolved "https://registry.npmjs.org/@types/node/-/node-22.10.1.tgz"
  integrity sha512-qKgsUwfHZV2WCWLAnVP1JqnpE6Im6h3Y0+fYgMTasNQ7V++CBX5OT1as0g0f+OyubbFqhf6XVNIsmN4IIhEgGQ==
  dependencies:
    undici-types "~6.20.0"

esbuild@~0.23.0:
  version "0.23.1"
  resolved "https://registry.npmjs.org/esbuild/-/esbuild-0.23.1.tgz"
  integrity sha512-VVNz/9Sa0bs5SELtn3f7qhJCDPCF5oMEl5cO9/SSinpE9hbPVvxbd572HH5AKiP7WD8INO53GgfDDhRjkylHEg==
  optionalDependencies:
    "@esbuild/aix-ppc64" "0.23.1"
    "@esbuild/android-arm" "0.23.1"
    "@esbuild/android-arm64" "0.23.1"
    "@esbuild/android-x64" "0.23.1"
    "@esbuild/darwin-arm64" "0.23.1"
    "@esbuild/darwin-x64" "0.23.1"
    "@esbuild/freebsd-arm64" "0.23.1"
    "@esbuild/freebsd-x64" "0.23.1"
    "@esbuild/linux-arm" "0.23.1"
    "@esbuild/linux-arm64" "0.23.1"
    "@esbuild/linux-ia32" "0.23.1"
    "@esbuild/linux-loong64" "0.23.1"
    "@esbuild/linux-mips64el" "0.23.1"
    "@esbuild/linux-ppc64" "0.23.1"
    "@esbuild/linux-riscv64" "0.23.1"
    "@esbuild/linux-s390x" "0.23.1"
    "@esbuild/linux-x64" "0.23.1"
    "@esbuild/netbsd-x64" "0.23.1"
    "@esbuild/openbsd-arm64" "0.23.1"
    "@esbuild/openbsd-x64" "0.23.1"
    "@esbuild/sunos-x64" "0.23.1"
    "@esbuild/win32-arm64" "0.23.1"
    "@esbuild/win32-ia32" "0.23.1"
    "@esbuild/win32-x64" "0.23.1"

get-tsconfig@^4.7.5:
  version "4.8.1"
  resolved "https://registry.npmjs.org/get-tsconfig/-/get-tsconfig-4.8.1.tgz"
  integrity sha512-k9PN+cFBmaLWtVz29SkUoqU5O0slLuHJXt/2P+tMVFT+phsSGXGkp9t3rQIqdz0e+06EHNGs3oM6ZX1s2zHxRg==
  dependencies:
    resolve-pkg-maps "^1.0.0"

prisma@^6.0.1:
  version "6.0.1"
  resolved "https://registry.npmjs.org/prisma/-/prisma-6.0.1.tgz"
  integrity sha512-CaMNFHkf+DDq8zq3X/JJsQ4Koy7dyWwwtOKibkT/Am9j/tDxcfbg7+lB1Dzhx18G/+RQCMgjPYB61bhRqteNBQ==
  dependencies:
    "@prisma/engines" "6.0.1"
  optionalDependencies:
    fsevents "2.3.3"

resolve-pkg-maps@^1.0.0:
  version "1.0.0"
  resolved "https://registry.npmjs.org/resolve-pkg-maps/-/resolve-pkg-maps-1.0.0.tgz"
  integrity sha512-seS2Tj26TBVOC2NIc2rOe2y2ZO7efxITtLZcGSOnHHNOQ7CkiUBfw0Iw2ck6xkIhPwLhKNLS8BO+hEpngQlqzw==

tsx@^4.19.2:
  version "4.19.2"
  resolved "https://registry.npmjs.org/tsx/-/tsx-4.19.2.tgz"
  integrity sha512-pOUl6Vo2LUq/bSa8S5q7b91cgNSjctn9ugq/+Mvow99qW6x/UZYwzxy/3NmqoT66eHYfCVvFvACC58UBPFf28g==
  dependencies:
    esbuild "~0.23.0"
    get-tsconfig "^4.7.5"
  optionalDependencies:
    fsevents "~2.3.3"

typescript@^5.7.2:
  version "5.7.2"
  resolved "https://registry.npmjs.org/typescript/-/typescript-5.7.2.tgz"
  integrity sha512-i5t66RHxDvVN40HfDd1PsEThGNnlMCMT3jMUuoh9/0TaqWevNontacunWyN02LA9/fIbEWlcHZcgTKb9QoaLfg==

undici-types@~6.20.0:
  version "6.20.0"
  resolved "https://registry.npmjs.org/undici-types/-/undici-types-6.20.0.tgz"
  integrity sha512-Ny6QZ2Nju20vw1SRHe3d9jVu6gJ+4e3+MMpqu7pqE5HT6WsTSlce++GQmK5UXS8mzV8DSYHrQH+Xrf2jVcuKNg==
